
Microsoft Visual Studio Solution File, Format Version 12.00
# Visual Studio Version 16
VisualStudioVersion = 16.0.30204.135
MinimumVisualStudioVersion = 10.0.40219.1
Project("{FAE04EC0-301F-11D3-BF4B-00C04F79EFBC}") = "SimpleTodoList.WPF", "SimpleTodoList.WPF.csproj", "{D9390011-3D9E-4152-B1A5-23FB00615B2E}"
	ProjectSection(ProjectDependencies) = postProject
		{6E8BDA15-A644-4173-871C-FD0F1B55F310} = {6E8BDA15-A644-4173-871C-FD0F1B55F310}
	EndProjectSection
EndProject
Project("{FAE04EC0-301F-11D3-BF4B-00C04F79EFBC}") = "SimpleTodoList.Domain", "..\SimpleTodoList.Domain\SimpleTodoList.Domain.csproj", "{E5B2158C-C718-4D1F-B380-4B4484C06BEF}"
EndProject
Project("{FAE04EC0-301F-11D3-BF4B-00C04F79EFBC}") = "SimpleTodoList.Infrastructure", "..\SimpleTodoList.Infrastructure\SimpleTodoList.Infrastructure.csproj", "{D52B3DCF-5736-4096-8580-EE86DA4BB9D4}"
	ProjectSection(ProjectDependencies) = postProject
		{E5B2158C-C718-4D1F-B380-4B4484C06BEF} = {E5B2158C-C718-4D1F-B380-4B4484C06BEF}
	EndProjectSection
EndProject
Project("{FAE04EC0-301F-11D3-BF4B-00C04F79EFBC}") = "SimpleTodoList.Logic", "..\SimpleTodoList.Logic\SimpleTodoList.Logic.csproj", "{6E8BDA15-A644-4173-871C-FD0F1B55F310}"
	ProjectSection(ProjectDependencies) = postProject
		{E5B2158C-C718-4D1F-B380-4B4484C06BEF} = {E5B2158C-C718-4D1F-B380-4B4484C06BEF}
		{D52B3DCF-5736-4096-8580-EE86DA4BB9D4} = {D52B3DCF-5736-4096-8580-EE86DA4BB9D4}
	EndProjectSection
EndProject
Global
	GlobalSection(SolutionConfigurationPlatforms) = preSolution
		Debug|Any CPU = Debug|Any CPU
		Release|Any CPU = Release|Any CPU
	EndGlobalSection
	GlobalSection(ProjectConfigurationPlatforms) = postSolution
		{D9390011-3D9E-4152-B1A5-23FB00615B2E}.Debug|Any CPU.ActiveCfg = Debug|Any CPU
		{D9390011-3D9E-4152-B1A5-23FB00615B2E}.Debug|Any CPU.Build.0 = Debug|Any CPU
		{D9390011-3D9E-4152-B1A5-23FB00615B2E}.Release|Any CPU.ActiveCfg = Release|Any CPU
		{D9390011-3D9E-4152-B1A5-23FB00615B2E}.Release|Any CPU.Build.0 = Release|Any CPU
		{E5B2158C-C718-4D1F-B380-4B4484C06BEF}.Debug|Any CPU.ActiveCfg = Debug|Any CPU
		{E5B2158C-C718-4D1F-B380-4B4484C06BEF}.Debug|Any CPU.Build.0 = Debug|Any CPU
		{E5B2158C-C718-4D1F-B380-4B4484C06BEF}.Release|Any CPU.ActiveCfg = Release|Any CPU
		{E5B2158C-C718-4D1F-B380-4B4484C06BEF}.Release|Any CPU.Build.0 = Release|Any CPU
		{D52B3DCF-5736-4096-8580-EE86DA4BB9D4}.Debug|Any CPU.ActiveCfg = Debug|Any CPU
		{D52B3DCF-5736-4096-8580-EE86DA4BB9D4}.Debug|Any CPU.Build.0 = Debug|Any CPU
		{D52B3DCF-5736-4096-8580-EE86DA4BB9D4}.Release|Any CPU.ActiveCfg = Release|Any CPU
		{D52B3DCF-5736-4096-8580-EE86DA4BB9D4}.Release|Any CPU.Build.0 = Release|Any CPU
		{6E8BDA15-A644-4173-871C-FD0F1B55F310}.Debug|Any CPU.ActiveCfg = Debug|Any CPU
		{6E8BDA15-A644-4173-871C-FD0F1B55F310}.Debug|Any CPU.Build.0 = Debug|Any CPU
		{6E8BDA15-A644-4173-871C-FD0F1B55F310}.Release|Any CPU.ActiveCfg = Release|Any CPU
		{6E8BDA15-A644-4173-871C-FD0F1B55F310}.Release|Any CPU.Build.0 = Release|Any CPU
	EndGlobalSection
	GlobalSection(SolutionProperties) = preSolution
		HideSolutionNode = FALSE
	EndGlobalSection
	GlobalSection(ExtensibilityGlobals) = postSolution
		SolutionGuid = {8F246FE0-D961-4CF5-89F0-87AC44396736}
	EndGlobalSection
EndGlobal
